
Microsoft Visual Studio Solution File, Format Version 12.00
# Visual Studio Version 17
VisualStudioVersion = 17.6.33829.357
MinimumVisualStudioVersion = 10.0.40219.1
Project("{FAE04EC0-301F-11D3-BF4B-00C04F79EFBC}") = "PetStore.Web", "PetStore.Web\PetStore.Web.csproj", "{01D419E8-A004-4DCE-BC69-4AF81B68E72A}"
EndProject
Project("{FAE04EC0-301F-11D3-BF4B-00C04F79EFBC}") = "PetStore.Services", "PetStore.Services\PetStore.Services.csproj", "{3517D20C-690B-4AF4-9DA0-C5D684ED9BBD}"
EndProject
Project("{FAE04EC0-301F-11D3-BF4B-00C04F79EFBC}") = "PetStore.Core", "PetStore.Core\PetStore.Core.csproj", "{04EF5C4D-7660-46E2-AEEF-FC7658A7B321}"
EndProject
Global
	GlobalSection(SolutionConfigurationPlatforms) = preSolution
		Debug|Any CPU = Debug|Any CPU
		Release|Any CPU = Release|Any CPU
	EndGlobalSection
	GlobalSection(ProjectConfigurationPlatforms) = postSolution
		{01D419E8-A004-4DCE-BC69-4AF81B68E72A}.Debug|Any CPU.ActiveCfg = Debug|Any CPU
		{01D419E8-A004-4DCE-BC69-4AF81B68E72A}.Debug|Any CPU.Build.0 = Debug|Any CPU
		{01D419E8-A004-4DCE-BC69-4AF81B68E72A}.Release|Any CPU.ActiveCfg = Release|Any CPU
		{01D419E8-A004-4DCE-BC69-4AF81B68E72A}.Release|Any CPU.Build.0 = Release|Any CPU
		{3517D20C-690B-4AF4-9DA0-C5D684ED9BBD}.Debug|Any CPU.ActiveCfg = Debug|Any CPU
		{3517D20C-690B-4AF4-9DA0-C5D684ED9BBD}.Debug|Any CPU.Build.0 = Debug|Any CPU
		{3517D20C-690B-4AF4-9DA0-C5D684ED9BBD}.Release|Any CPU.ActiveCfg = Release|Any CPU
		{3517D20C-690B-4AF4-9DA0-C5D684ED9BBD}.Release|Any CPU.Build.0 = Release|Any CPU
		{04EF5C4D-7660-46E2-AEEF-FC7658A7B321}.Debug|Any CPU.ActiveCfg = Debug|Any CPU
		{04EF5C4D-7660-46E2-AEEF-FC7658A7B321}.Debug|Any CPU.Build.0 = Debug|Any CPU
		{04EF5C4D-7660-46E2-AEEF-FC7658A7B321}.Release|Any CPU.ActiveCfg = Release|Any CPU
		{04EF5C4D-7660-46E2-AEEF-FC7658A7B321}.Release|Any CPU.Build.0 = Release|Any CPU
	EndGlobalSection
	GlobalSection(SolutionProperties) = preSolution
		HideSolutionNode = FALSE
	EndGlobalSection
	GlobalSection(ExtensibilityGlobals) = postSolution
		SolutionGuid = {ADB41542-C75D-4E73-B183-8AD9CD1D672F}
	EndGlobalSection
EndGlobal
